
Microsoft Visual Studio Solution File, Format Version 12.00
# Visual Studio Version 16
VisualStudioVersion = 16.0.32228.343
MinimumVisualStudioVersion = 10.0.40219.1
Project("{FAE04EC0-301F-11D3-BF4B-00C04F79EFBC}") = "deleteRecordBookStore", "deleteRecordBookStore.csproj", "{7556DC00-1043-4F51-ABD5-E203F6908891}"
EndProject
Global
	GlobalSection(SolutionConfigurationPlatforms) = preSolution
		Debug|Any CPU = Debug|Any CPU
		Release|Any CPU = Release|Any CPU
	EndGlobalSection
	GlobalSection(ProjectConfigurationPlatforms) = postSolution
		{7556DC00-1043-4F51-ABD5-E203F6908891}.Debug|Any CPU.ActiveCfg = Debug|Any CPU
		{7556DC00-1043-4F51-ABD5-E203F6908891}.Debug|Any CPU.Build.0 = Debug|Any CPU
		{7556DC00-1043-4F51-ABD5-E203F6908891}.Release|Any CPU.ActiveCfg = Release|Any CPU
		{7556DC00-1043-4F51-ABD5-E203F6908891}.Release|Any CPU.Build.0 = Release|Any CPU
	EndGlobalSection
	GlobalSection(SolutionProperties) = preSolution
		HideSolutionNode = FALSE
	EndGlobalSection
	GlobalSection(ExtensibilityGlobals) = postSolution
		SolutionGuid = {D32B7B03-BA21-43C9-B3DB-C4370AB67DB3}
	EndGlobalSection
EndGlobal
